
Microsoft Visual Studio Solution File, Format Version 12.00
# Visual Studio Version 17
VisualStudioVersion = 17.4.33006.217
MinimumVisualStudioVersion = 10.0.40219.1
Project("{FAE04EC0-301F-11D3-BF4B-00C04F79EFBC}") = "Standards.POC.Retry.Api", "Standards.POC.Retry.Api\Standards.POC.Retry.Api.csproj", "{61215842-D55C-4305-BB3A-CFF9302311F8}"
EndProject
Project("{FAE04EC0-301F-11D3-BF4B-00C04F79EFBC}") = "Standards.POC.Retry.Api.Infrastructure.Build", "Standards.POC.Retry.Api.Infrastructure.Build\Standards.POC.Retry.Api.Infrastructure.Build.csproj", "{4173BCD0-5037-44A2-B7E8-AE69CAB77EFD}"
EndProject
Project("{FAE04EC0-301F-11D3-BF4B-00C04F79EFBC}") = "Standards.POC.Retry.Api.Infrastructure.Provision", "Standards.POC.Retry.Api.Infrastructure.Provision\Standards.POC.Retry.Api.Infrastructure.Provision.csproj", "{9F10D2EF-2FD9-4E0F-BF8D-CE4B63CD244B}"
EndProject
Project("{FAE04EC0-301F-11D3-BF4B-00C04F79EFBC}") = "Standards.POC.Retry.Api.Tests.Unit", "Standards.POC.Retry.Api.Tests.Unit\Standards.POC.Retry.Api.Tests.Unit.csproj", "{46392F56-B5A8-4CDE-B929-8D7E99C29A14}"
EndProject
Project("{FAE04EC0-301F-11D3-BF4B-00C04F79EFBC}") = "Standards.POC.Retry.Api.Tests.Acceptance", "Standards.POC.Retry.Api.Tests.Acceptance\Standards.POC.Retry.Api.Tests.Acceptance.csproj", "{C287C408-8C21-4813-88C1-C3DCFC4BA0DF}"
EndProject
Global
	GlobalSection(SolutionConfigurationPlatforms) = preSolution
		Debug|Any CPU = Debug|Any CPU
		Release|Any CPU = Release|Any CPU
	EndGlobalSection
	GlobalSection(ProjectConfigurationPlatforms) = postSolution
		{61215842-D55C-4305-BB3A-CFF9302311F8}.Debug|Any CPU.ActiveCfg = Debug|Any CPU
		{61215842-D55C-4305-BB3A-CFF9302311F8}.Debug|Any CPU.Build.0 = Debug|Any CPU
		{61215842-D55C-4305-BB3A-CFF9302311F8}.Release|Any CPU.ActiveCfg = Release|Any CPU
		{61215842-D55C-4305-BB3A-CFF9302311F8}.Release|Any CPU.Build.0 = Release|Any CPU
		{4173BCD0-5037-44A2-B7E8-AE69CAB77EFD}.Debug|Any CPU.ActiveCfg = Debug|Any CPU
		{4173BCD0-5037-44A2-B7E8-AE69CAB77EFD}.Debug|Any CPU.Build.0 = Debug|Any CPU
		{4173BCD0-5037-44A2-B7E8-AE69CAB77EFD}.Release|Any CPU.ActiveCfg = Release|Any CPU
		{4173BCD0-5037-44A2-B7E8-AE69CAB77EFD}.Release|Any CPU.Build.0 = Release|Any CPU
		{9F10D2EF-2FD9-4E0F-BF8D-CE4B63CD244B}.Debug|Any CPU.ActiveCfg = Debug|Any CPU
		{9F10D2EF-2FD9-4E0F-BF8D-CE4B63CD244B}.Debug|Any CPU.Build.0 = Debug|Any CPU
		{9F10D2EF-2FD9-4E0F-BF8D-CE4B63CD244B}.Release|Any CPU.ActiveCfg = Release|Any CPU
		{9F10D2EF-2FD9-4E0F-BF8D-CE4B63CD244B}.Release|Any CPU.Build.0 = Release|Any CPU
		{46392F56-B5A8-4CDE-B929-8D7E99C29A14}.Debug|Any CPU.ActiveCfg = Debug|Any CPU
		{46392F56-B5A8-4CDE-B929-8D7E99C29A14}.Debug|Any CPU.Build.0 = Debug|Any CPU
		{46392F56-B5A8-4CDE-B929-8D7E99C29A14}.Release|Any CPU.ActiveCfg = Release|Any CPU
		{46392F56-B5A8-4CDE-B929-8D7E99C29A14}.Release|Any CPU.Build.0 = Release|Any CPU
		{C287C408-8C21-4813-88C1-C3DCFC4BA0DF}.Debug|Any CPU.ActiveCfg = Debug|Any CPU
		{C287C408-8C21-4813-88C1-C3DCFC4BA0DF}.Debug|Any CPU.Build.0 = Debug|Any CPU
		{C287C408-8C21-4813-88C1-C3DCFC4BA0DF}.Release|Any CPU.ActiveCfg = Release|Any CPU
		{C287C408-8C21-4813-88C1-C3DCFC4BA0DF}.Release|Any CPU.Build.0 = Release|Any CPU
	EndGlobalSection
	GlobalSection(SolutionProperties) = preSolution
		HideSolutionNode = FALSE
	EndGlobalSection
	GlobalSection(ExtensibilityGlobals) = postSolution
		SolutionGuid = {456FF628-7B07-4740-86AF-60FB424BB643}
	EndGlobalSection
EndGlobal
